
Microsoft Visual Studio Solution File, Format Version 12.00
# Visual Studio Version 17
VisualStudioVersion = 17.12.35707.178
MinimumVisualStudioVersion = 10.0.40219.1
Project("{FAE04EC0-301F-11D3-BF4B-00C04F79EFBC}") = "AZCKeeper_Client", "AZCKeeper_Client\AZCKeeper_Client.csproj", "{7294EB10-0E76-4CD8-9265-889E44FE9882}"
EndProject
Project("{FAE04EC0-301F-11D3-BF4B-00C04F79EFBC}") = "AZCKeeperUpdater", "AZCKeeperUpdater\AZCKeeperUpdater.csproj", "{7018A598-565A-4F25-A509-0B1DB90BDDA2}"
EndProject
Project("{FAE04EC0-301F-11D3-BF4B-00C04F79EFBC}") = "AZCKeeper.Tests", "AZCKeeper.Tests\AZCKeeper.Tests.csproj", "{F9362520-CA8B-4EA0-ABA3-C37D9E4A99DE}"
EndProject
Global
	GlobalSection(SolutionConfigurationPlatforms) = preSolution
		Debug|Any CPU = Debug|Any CPU
		Release|Any CPU = Release|Any CPU
	EndGlobalSection
	GlobalSection(ProjectConfigurationPlatforms) = postSolution
		{7294EB10-0E76-4CD8-9265-889E44FE9882}.Debug|Any CPU.ActiveCfg = Debug|Any CPU
		{7294EB10-0E76-4CD8-9265-889E44FE9882}.Debug|Any CPU.Build.0 = Debug|Any CPU
		{7294EB10-0E76-4CD8-9265-889E44FE9882}.Release|Any CPU.ActiveCfg = Release|Any CPU
		{7294EB10-0E76-4CD8-9265-889E44FE9882}.Release|Any CPU.Build.0 = Release|Any CPU
		{7018A598-565A-4F25-A509-0B1DB90BDDA2}.Debug|Any CPU.ActiveCfg = Debug|Any CPU
		{7018A598-565A-4F25-A509-0B1DB90BDDA2}.Debug|Any CPU.Build.0 = Debug|Any CPU
		{7018A598-565A-4F25-A509-0B1DB90BDDA2}.Release|Any CPU.ActiveCfg = Release|Any CPU
		{7018A598-565A-4F25-A509-0B1DB90BDDA2}.Release|Any CPU.Build.0 = Release|Any CPU
		{F9362520-CA8B-4EA0-ABA3-C37D9E4A99DE}.Debug|Any CPU.ActiveCfg = Debug|Any CPU
		{F9362520-CA8B-4EA0-ABA3-C37D9E4A99DE}.Debug|Any CPU.Build.0 = Debug|Any CPU
		{F9362520-CA8B-4EA0-ABA3-C37D9E4A99DE}.Release|Any CPU.ActiveCfg = Release|Any CPU
		{F9362520-CA8B-4EA0-ABA3-C37D9E4A99DE}.Release|Any CPU.Build.0 = Release|Any CPU
	EndGlobalSection
	GlobalSection(SolutionProperties) = preSolution
		HideSolutionNode = FALSE
	EndGlobalSection
EndGlobal
